
Microsoft Visual Studio Solution File, Format Version 12.00
# Visual Studio 15
VisualStudioVersion = 15.0.27703.2026
MinimumVisualStudioVersion = 10.0.40219.1
Project("{9A19103F-16F7-4668-BE54-9A1E7A4F7556}") = "Blazor-example2.Client", "Blazor-example2.Client\Blazor-example2.Client.csproj", "{B058BEC6-F178-4562-B799-C7ADDD736889}"
EndProject
Project("{9A19103F-16F7-4668-BE54-9A1E7A4F7556}") = "Blazor-example2.Shared", "Blazor-example2.Shared\Blazor-example2.Shared.csproj", "{2E73FA65-FAD6-4387-A9D9-E69F4CAC50EC}"
EndProject
Project("{9A19103F-16F7-4668-BE54-9A1E7A4F7556}") = "Blazor-example2.Server", "Blazor-example2.Server\Blazor-example2.Server.csproj", "{E11E2F2E-B82B-4D1D-96EB-B89692BF32CB}"
EndProject
Global
	GlobalSection(SolutionConfigurationPlatforms) = preSolution
		Debug|Any CPU = Debug|Any CPU
		Release|Any CPU = Release|Any CPU
	EndGlobalSection
	GlobalSection(ProjectConfigurationPlatforms) = postSolution
		{B058BEC6-F178-4562-B799-C7ADDD736889}.Debug|Any CPU.ActiveCfg = Debug|Any CPU
		{B058BEC6-F178-4562-B799-C7ADDD736889}.Debug|Any CPU.Build.0 = Debug|Any CPU
		{B058BEC6-F178-4562-B799-C7ADDD736889}.Release|Any CPU.ActiveCfg = Release|Any CPU
		{B058BEC6-F178-4562-B799-C7ADDD736889}.Release|Any CPU.Build.0 = Release|Any CPU
		{2E73FA65-FAD6-4387-A9D9-E69F4CAC50EC}.Debug|Any CPU.ActiveCfg = Debug|Any CPU
		{2E73FA65-FAD6-4387-A9D9-E69F4CAC50EC}.Debug|Any CPU.Build.0 = Debug|Any CPU
		{2E73FA65-FAD6-4387-A9D9-E69F4CAC50EC}.Release|Any CPU.ActiveCfg = Release|Any CPU
		{2E73FA65-FAD6-4387-A9D9-E69F4CAC50EC}.Release|Any CPU.Build.0 = Release|Any CPU
		{E11E2F2E-B82B-4D1D-96EB-B89692BF32CB}.Debug|Any CPU.ActiveCfg = Debug|Any CPU
		{E11E2F2E-B82B-4D1D-96EB-B89692BF32CB}.Debug|Any CPU.Build.0 = Debug|Any CPU
		{E11E2F2E-B82B-4D1D-96EB-B89692BF32CB}.Release|Any CPU.ActiveCfg = Release|Any CPU
		{E11E2F2E-B82B-4D1D-96EB-B89692BF32CB}.Release|Any CPU.Build.0 = Release|Any CPU
	EndGlobalSection
	GlobalSection(SolutionProperties) = preSolution
		HideSolutionNode = FALSE
	EndGlobalSection
	GlobalSection(ExtensibilityGlobals) = postSolution
		SolutionGuid = {362605BD-0D70-4101-86F2-3F91C0926EA5}
	EndGlobalSection
EndGlobal
